
Microsoft Visual Studio Solution File, Format Version 12.00
# Visual Studio 14
VisualStudioVersion = 14.0.25420.1
MinimumVisualStudioVersion = 10.0.40219.1
Project("{FAE04EC0-301F-11D3-BF4B-00C04F79EFBC}") = "AddNewClientProjectTest.Android", "AddNewClientProjectTest\AddNewClientProjectTest.Android\AddNewClientProjectTest.Android.csproj", "{C46707C7-8C4F-468E-98C2-EFEBEFA0E8FF}"
EndProject
Project("{FAE04EC0-301F-11D3-BF4B-00C04F79EFBC}") = "AddNewClientProjectTest", "AddNewClientProjectTest\AddNewClientProjectTest\AddNewClientProjectTest.csproj", "{77B1C2EE-A3F9-4E07-9B35-42AF041B4A0B}"
EndProject
Project("{FAE04EC0-301F-11D3-BF4B-00C04F79EFBC}") = "AddNewClientProjectTest.UWP", "AddNewClientProjectTest\AddNewClientProjectTest.UWP\AddNewClientProjectTest.UWP.csproj", "{E69E4ED5-F954-48A0-99F7-A2736F6B80E3}"
EndProject
Project("{FAE04EC0-301F-11D3-BF4B-00C04F79EFBC}") = "AddNewClientProjectTest.iOS", "AddNewClientProjectTest\AddNewClientProjectTest.iOS\AddNewClientProjectTest.iOS.csproj", "{69B299BE-E32B-49B8-BC85-FB614DB2052E}"
EndProject
Project("{FAE04EC0-301F-11D3-BF4B-00C04F79EFBC}") = "ClientProject.WinPhone8", "ClientProject.WinPhone8\ClientProject.WinPhone8.csproj", "{FD073D17-1C0B-4D5D-BEB8-A830EB19C8BE}"
EndProject
Global
	GlobalSection(SolutionConfigurationPlatforms) = preSolution
		Ad-Hoc|Any CPU = Ad-Hoc|Any CPU
		Ad-Hoc|ARM = Ad-Hoc|ARM
		Ad-Hoc|iPhone = Ad-Hoc|iPhone
		Ad-Hoc|iPhoneSimulator = Ad-Hoc|iPhoneSimulator
		Ad-Hoc|x64 = Ad-Hoc|x64
		Ad-Hoc|x86 = Ad-Hoc|x86
		AppStore|Any CPU = AppStore|Any CPU
		AppStore|ARM = AppStore|ARM
		AppStore|iPhone = AppStore|iPhone
		AppStore|iPhoneSimulator = AppStore|iPhoneSimulator
		AppStore|x64 = AppStore|x64
		AppStore|x86 = AppStore|x86
		Debug|Any CPU = Debug|Any CPU
		Debug|ARM = Debug|ARM
		Debug|iPhone = Debug|iPhone
		Debug|iPhoneSimulator = Debug|iPhoneSimulator
		Debug|x64 = Debug|x64
		Debug|x86 = Debug|x86
		Release|Any CPU = Release|Any CPU
		Release|ARM = Release|ARM
		Release|iPhone = Release|iPhone
		Release|iPhoneSimulator = Release|iPhoneSimulator
		Release|x64 = Release|x64
		Release|x86 = Release|x86
	EndGlobalSection
	GlobalSection(ProjectConfigurationPlatforms) = postSolution
		{C46707C7-8C4F-468E-98C2-EFEBEFA0E8FF}.Ad-Hoc|Any CPU.ActiveCfg = Release|Any CPU
		{C46707C7-8C4F-468E-98C2-EFEBEFA0E8FF}.Ad-Hoc|Any CPU.Build.0 = Release|Any CPU
		{C46707C7-8C4F-468E-98C2-EFEBEFA0E8FF}.Ad-Hoc|Any CPU.Deploy.0 = Release|Any CPU
		{C46707C7-8C4F-468E-98C2-EFEBEFA0E8FF}.Ad-Hoc|ARM.ActiveCfg = Release|Any CPU
		{C46707C7-8C4F-468E-98C2-EFEBEFA0E8FF}.Ad-Hoc|ARM.Build.0 = Release|Any CPU
		{C46707C7-8C4F-468E-98C2-EFEBEFA0E8FF}.Ad-Hoc|ARM.Deploy.0 = Release|Any CPU
		{C46707C7-8C4F-468E-98C2-EFEBEFA0E8FF}.Ad-Hoc|iPhone.ActiveCfg = Release|Any CPU
		{C46707C7-8C4F-468E-98C2-EFEBEFA0E8FF}.Ad-Hoc|iPhone.Build.0 = Release|Any CPU
		{C46707C7-8C4F-468E-98C2-EFEBEFA0E8FF}.Ad-Hoc|iPhone.Deploy.0 = Release|Any CPU
		{C46707C7-8C4F-468E-98C2-EFEBEFA0E8FF}.Ad-Hoc|iPhoneSimulator.ActiveCfg = Release|Any CPU
		{C46707C7-8C4F-468E-98C2-EFEBEFA0E8FF}.Ad-Hoc|iPhoneSimulator.Build.0 = Release|Any CPU
		{C46707C7-8C4F-468E-98C2-EFEBEFA0E8FF}.Ad-Hoc|iPhoneSimulator.Deploy.0 = Release|Any CPU
		{C46707C7-8C4F-468E-98C2-EFEBEFA0E8FF}.Ad-Hoc|x64.ActiveCfg = Release|Any CPU
		{C46707C7-8C4F-468E-98C2-EFEBEFA0E8FF}.Ad-Hoc|x64.Build.0 = Release|Any CPU
		{C46707C7-8C4F-468E-98C2-EFEBEFA0E8FF}.Ad-Hoc|x64.Deploy.0 = Release|Any CPU
		{C46707C7-8C4F-468E-98C2-EFEBEFA0E8FF}.Ad-Hoc|x86.ActiveCfg = Release|Any CPU
		{C46707C7-8C4F-468E-98C2-EFEBEFA0E8FF}.Ad-Hoc|x86.Build.0 = Release|Any CPU
		{C46707C7-8C4F-468E-98C2-EFEBEFA0E8FF}.Ad-Hoc|x86.Deploy.0 = Release|Any CPU
		{C46707C7-8C4F-468E-98C2-EFEBEFA0E8FF}.AppStore|Any CPU.ActiveCfg = Release|Any CPU
		{C46707C7-8C4F-468E-98C2-EFEBEFA0E8FF}.AppStore|Any CPU.Build.0 = Release|Any CPU
		{C46707C7-8C4F-468E-98C2-EFEBEFA0E8FF}.AppStore|Any CPU.Deploy.0 = Release|Any CPU
		{C46707C7-8C4F-468E-98C2-EFEBEFA0E8FF}.AppStore|ARM.ActiveCfg = Release|Any CPU
		{C46707C7-8C4F-468E-98C2-EFEBEFA0E8FF}.AppStore|ARM.Build.0 = Release|Any CPU
		{C46707C7-8C4F-468E-98C2-EFEBEFA0E8FF}.AppStore|ARM.Deploy.0 = Release|Any CPU
		{C46707C7-8C4F-468E-98C2-EFEBEFA0E8FF}.AppStore|iPhone.ActiveCfg = Release|Any CPU
		{C46707C7-8C4F-468E-98C2-EFEBEFA0E8FF}.AppStore|iPhone.Build.0 = Release|Any CPU
		{C46707C7-8C4F-468E-98C2-EFEBEFA0E8FF}.AppStore|iPhone.Deploy.0 = Release|Any CPU
		{C46707C7-8C4F-468E-98C2-EFEBEFA0E8FF}.AppStore|iPhoneSimulator.ActiveCfg = Release|Any CPU
		{C46707C7-8C4F-468E-98C2-EFEBEFA0E8FF}.AppStore|iPhoneSimulator.Build.0 = Release|Any CPU
		{C46707C7-8C4F-468E-98C2-EFEBEFA0E8FF}.AppStore|iPhoneSimulator.Deploy.0 = Release|Any CPU
		{C46707C7-8C4F-468E-98C2-EFEBEFA0E8FF}.AppStore|x64.ActiveCfg = Release|Any CPU
		{C46707C7-8C4F-468E-98C2-EFEBEFA0E8FF}.AppStore|x64.Build.0 = Release|Any CPU
		{C46707C7-8C4F-468E-98C2-EFEBEFA0E8FF}.AppStore|x64.Deploy.0 = Release|Any CPU
		{C46707C7-8C4F-468E-98C2-EFEBEFA0E8FF}.AppStore|x86.ActiveCfg = Release|Any CPU
		{C46707C7-8C4F-468E-98C2-EFEBEFA0E8FF}.AppStore|x86.Build.0 = Release|Any CPU
		{C46707C7-8C4F-468E-98C2-EFEBEFA0E8FF}.AppStore|x86.Deploy.0 = Release|Any CPU
		{C46707C7-8C4F-468E-98C2-EFEBEFA0E8FF}.Debug|Any CPU.ActiveCfg = Debug|Any CPU
		{C46707C7-8C4F-468E-98C2-EFEBEFA0E8FF}.Debug|Any CPU.Build.0 = Debug|Any CPU
		{C46707C7-8C4F-468E-98C2-EFEBEFA0E8FF}.Debug|Any CPU.Deploy.0 = Debug|Any CPU
		{C46707C7-8C4F-468E-98C2-EFEBEFA0E8FF}.Debug|ARM.ActiveCfg = Debug|Any CPU
		{C46707C7-8C4F-468E-98C2-EFEBEFA0E8FF}.Debug|ARM.Build.0 = Debug|Any CPU
		{C46707C7-8C4F-468E-98C2-EFEBEFA0E8FF}.Debug|ARM.Deploy.0 = Debug|Any CPU
		{C46707C7-8C4F-468E-98C2-EFEBEFA0E8FF}.Debug|iPhone.ActiveCfg = Debug|Any CPU
		{C46707C7-8C4F-468E-98C2-EFEBEFA0E8FF}.Debug|iPhone.Build.0 = Debug|Any CPU
		{C46707C7-8C4F-468E-98C2-EFEBEFA0E8FF}.Debug|iPhone.Deploy.0 = Debug|Any CPU
		{C46707C7-8C4F-468E-98C2-EFEBEFA0E8FF}.Debug|iPhoneSimulator.ActiveCfg = Debug|Any CPU
		{C46707C7-8C4F-468E-98C2-EFEBEFA0E8FF}.Debug|iPhoneSimulator.Build.0 = Debug|Any CPU
		{C46707C7-8C4F-468E-98C2-EFEBEFA0E8FF}.Debug|iPhoneSimulator.Deploy.0 = Debug|Any CPU
		{C46707C7-8C4F-468E-98C2-EFEBEFA0E8FF}.Debug|x64.ActiveCfg = Debug|Any CPU
		{C46707C7-8C4F-468E-98C2-EFEBEFA0E8FF}.Debug|x64.Build.0 = Debug|Any CPU
		{C46707C7-8C4F-468E-98C2-EFEBEFA0E8FF}.Debug|x64.Deploy.0 = Debug|Any CPU
		{C46707C7-8C4F-468E-98C2-EFEBEFA0E8FF}.Debug|x86.ActiveCfg = Debug|Any CPU
		{C46707C7-8C4F-468E-98C2-EFEBEFA0E8FF}.Debug|x86.Build.0 = Debug|Any CPU
		{C46707C7-8C4F-468E-98C2-EFEBEFA0E8FF}.Debug|x86.Deploy.0 = Debug|Any CPU
		{C46707C7-8C4F-468E-98C2-EFEBEFA0E8FF}.Release|Any CPU.ActiveCfg = Release|Any CPU
		{C46707C7-8C4F-468E-98C2-EFEBEFA0E8FF}.Release|Any CPU.Build.0 = Release|Any CPU
		{C46707C7-8C4F-468E-98C2-EFEBEFA0E8FF}.Release|Any CPU.Deploy.0 = Release|Any CPU
		{C46707C7-8C4F-468E-98C2-EFEBEFA0E8FF}.Release|ARM.ActiveCfg = Release|Any CPU
		{C46707C7-8C4F-468E-98C2-EFEBEFA0E8FF}.Release|ARM.Build.0 = Release|Any CPU
		{C46707C7-8C4F-468E-98C2-EFEBEFA0E8FF}.Release|ARM.Deploy.0 = Release|Any CPU
		{C46707C7-8C4F-468E-98C2-EFEBEFA0E8FF}.Release|iPhone.ActiveCfg = Release|Any CPU
		{C46707C7-8C4F-468E-98C2-EFEBEFA0E8FF}.Release|iPhone.Build.0 = Release|Any CPU
		{C46707C7-8C4F-468E-98C2-EFEBEFA0E8FF}.Release|iPhone.Deploy.0 = Release|Any CPU
		{C46707C7-8C4F-468E-98C2-EFEBEFA0E8FF}.Release|iPhoneSimulator.ActiveCfg = Release|Any CPU
		{C46707C7-8C4F-468E-98C2-EFEBEFA0E8FF}.Release|iPhoneSimulator.Build.0 = Release|Any CPU
		{C46707C7-8C4F-468E-98C2-EFEBEFA0E8FF}.Release|iPhoneSimulator.Deploy.0 = Release|Any CPU
		{C46707C7-8C4F-468E-98C2-EFEBEFA0E8FF}.Release|x64.ActiveCfg = Release|Any CPU
		{C46707C7-8C4F-468E-98C2-EFEBEFA0E8FF}.Release|x64.Build.0 = Release|Any CPU
		{C46707C7-8C4F-468E-98C2-EFEBEFA0E8FF}.Release|x64.Deploy.0 = Release|Any CPU
		{C46707C7-8C4F-468E-98C2-EFEBEFA0E8FF}.Release|x86.ActiveCfg = Release|Any CPU
		{C46707C7-8C4F-468E-98C2-EFEBEFA0E8FF}.Release|x86.Build.0 = Release|Any CPU
		{C46707C7-8C4F-468E-98C2-EFEBEFA0E8FF}.Release|x86.Deploy.0 = Release|Any CPU
		{77B1C2EE-A3F9-4E07-9B35-42AF041B4A0B}.Ad-Hoc|Any CPU.ActiveCfg = Release|Any CPU
		{77B1C2EE-A3F9-4E07-9B35-42AF041B4A0B}.Ad-Hoc|Any CPU.Build.0 = Release|Any CPU
		{77B1C2EE-A3F9-4E07-9B35-42AF041B4A0B}.Ad-Hoc|ARM.ActiveCfg = Release|Any CPU
		{77B1C2EE-A3F9-4E07-9B35-42AF041B4A0B}.Ad-Hoc|ARM.Build.0 = Release|Any CPU
		{77B1C2EE-A3F9-4E07-9B35-42AF041B4A0B}.Ad-Hoc|iPhone.ActiveCfg = Release|Any CPU
		{77B1C2EE-A3F9-4E07-9B35-42AF041B4A0B}.Ad-Hoc|iPhone.Build.0 = Release|Any CPU
		{77B1C2EE-A3F9-4E07-9B35-42AF041B4A0B}.Ad-Hoc|iPhoneSimulator.ActiveCfg = Release|Any CPU
		{77B1C2EE-A3F9-4E07-9B35-42AF041B4A0B}.Ad-Hoc|iPhoneSimulator.Build.0 = Release|Any CPU
		{77B1C2EE-A3F9-4E07-9B35-42AF041B4A0B}.Ad-Hoc|x64.ActiveCfg = Release|Any CPU
		{77B1C2EE-A3F9-4E07-9B35-42AF041B4A0B}.Ad-Hoc|x64.Build.0 = Release|Any CPU
		{77B1C2EE-A3F9-4E07-9B35-42AF041B4A0B}.Ad-Hoc|x86.ActiveCfg = Release|Any CPU
		{77B1C2EE-A3F9-4E07-9B35-42AF041B4A0B}.Ad-Hoc|x86.Build.0 = Release|Any CPU
		{77B1C2EE-A3F9-4E07-9B35-42AF041B4A0B}.AppStore|Any CPU.ActiveCfg = Release|Any CPU
		{77B1C2EE-A3F9-4E07-9B35-42AF041B4A0B}.AppStore|Any CPU.Build.0 = Release|Any CPU
		{77B1C2EE-A3F9-4E07-9B35-42AF041B4A0B}.AppStore|ARM.ActiveCfg = Release|Any CPU
		{77B1C2EE-A3F9-4E07-9B35-42AF041B4A0B}.AppStore|ARM.Build.0 = Release|Any CPU
		{77B1C2EE-A3F9-4E07-9B35-42AF041B4A0B}.AppStore|iPhone.ActiveCfg = Release|Any CPU
		{77B1C2EE-A3F9-4E07-9B35-42AF041B4A0B}.AppStore|iPhone.Build.0 = Release|Any CPU
		{77B1C2EE-A3F9-4E07-9B35-42AF041B4A0B}.AppStore|iPhoneSimulator.ActiveCfg = Release|Any CPU
		{77B1C2EE-A3F9-4E07-9B35-42AF041B4A0B}.AppStore|iPhoneSimulator.Build.0 = Release|Any CPU
		{77B1C2EE-A3F9-4E07-9B35-42AF041B4A0B}.AppStore|x64.ActiveCfg = Release|Any CPU
		{77B1C2EE-A3F9-4E07-9B35-42AF041B4A0B}.AppStore|x64.Build.0 = Release|Any CPU
		{77B1C2EE-A3F9-4E07-9B35-42AF041B4A0B}.AppStore|x86.ActiveCfg = Release|Any CPU
		{77B1C2EE-A3F9-4E07-9B35-42AF041B4A0B}.AppStore|x86.Build.0 = Release|Any CPU
		{77B1C2EE-A3F9-4E07-9B35-42AF041B4A0B}.Debug|Any CPU.ActiveCfg = Debug|Any CPU
		{77B1C2EE-A3F9-4E07-9B35-42AF041B4A0B}.Debug|Any CPU.Build.0 = Debug|Any CPU
		{77B1C2EE-A3F9-4E07-9B35-42AF041B4A0B}.Debug|ARM.ActiveCfg = Debug|Any CPU
		{77B1C2EE-A3F9-4E07-9B35-42AF041B4A0B}.Debug|ARM.Build.0 = Debug|Any CPU
		{77B1C2EE-A3F9-4E07-9B35-42AF041B4A0B}.Debug|iPhone.ActiveCfg = Debug|Any CPU
		{77B1C2EE-A3F9-4E07-9B35-42AF041B4A0B}.Debug|iPhone.Build.0 = Debug|Any CPU
		{77B1C2EE-A3F9-4E07-9B35-42AF041B4A0B}.Debug|iPhoneSimulator.ActiveCfg = Debug|Any CPU
		{77B1C2EE-A3F9-4E07-9B35-42AF041B4A0B}.Debug|iPhoneSimulator.Build.0 = Debug|Any CPU
		{77B1C2EE-A3F9-4E07-9B35-42AF041B4A0B}.Debug|x64.ActiveCfg = Debug|Any CPU
		{77B1C2EE-A3F9-4E07-9B35-42AF041B4A0B}.Debug|x64.Build.0 = Debug|Any CPU
		{77B1C2EE-A3F9-4E07-9B35-42AF041B4A0B}.Debug|x86.ActiveCfg = Debug|Any CPU
		{77B1C2EE-A3F9-4E07-9B35-42AF041B4A0B}.Debug|x86.Build.0 = Debug|Any CPU
		{77B1C2EE-A3F9-4E07-9B35-42AF041B4A0B}.Release|Any CPU.ActiveCfg = Release|Any CPU
		{77B1C2EE-A3F9-4E07-9B35-42AF041B4A0B}.Release|Any CPU.Build.0 = Release|Any CPU
		{77B1C2EE-A3F9-4E07-9B35-42AF041B4A0B}.Release|ARM.ActiveCfg = Release|Any CPU
		{77B1C2EE-A3F9-4E07-9B35-42AF041B4A0B}.Release|ARM.Build.0 = Release|Any CPU
		{77B1C2EE-A3F9-4E07-9B35-42AF041B4A0B}.Release|iPhone.ActiveCfg = Release|Any CPU
		{77B1C2EE-A3F9-4E07-9B35-42AF041B4A0B}.Release|iPhone.Build.0 = Release|Any CPU
		{77B1C2EE-A3F9-4E07-9B35-42AF041B4A0B}.Release|iPhoneSimulator.ActiveCfg = Release|Any CPU
		{77B1C2EE-A3F9-4E07-9B35-42AF041B4A0B}.Release|iPhoneSimulator.Build.0 = Release|Any CPU
		{77B1C2EE-A3F9-4E07-9B35-42AF041B4A0B}.Release|x64.ActiveCfg = Release|Any CPU
		{77B1C2EE-A3F9-4E07-9B35-42AF041B4A0B}.Release|x64.Build.0 = Release|Any CPU
		{77B1C2EE-A3F9-4E07-9B35-42AF041B4A0B}.Release|x86.ActiveCfg = Release|Any CPU
		{77B1C2EE-A3F9-4E07-9B35-42AF041B4A0B}.Release|x86.Build.0 = Release|Any CPU
		{E69E4ED5-F954-48A0-99F7-A2736F6B80E3}.Ad-Hoc|Any CPU.ActiveCfg = Release|x86
		{E69E4ED5-F954-48A0-99F7-A2736F6B80E3}.Ad-Hoc|Any CPU.Build.0 = Release|x86
		{E69E4ED5-F954-48A0-99F7-A2736F6B80E3}.Ad-Hoc|Any CPU.Deploy.0 = Release|x86
		{E69E4ED5-F954-48A0-99F7-A2736F6B80E3}.Ad-Hoc|ARM.ActiveCfg = Release|ARM
		{E69E4ED5-F954-48A0-99F7-A2736F6B80E3}.Ad-Hoc|ARM.Build.0 = Release|ARM
		{E69E4ED5-F954-48A0-99F7-A2736F6B80E3}.Ad-Hoc|ARM.Deploy.0 = Release|ARM
		{E69E4ED5-F954-48A0-99F7-A2736F6B80E3}.Ad-Hoc|iPhone.ActiveCfg = Release|x86
		{E69E4ED5-F954-48A0-99F7-A2736F6B80E3}.Ad-Hoc|iPhone.Build.0 = Release|x86
		{E69E4ED5-F954-48A0-99F7-A2736F6B80E3}.Ad-Hoc|iPhone.Deploy.0 = Release|x86
		{E69E4ED5-F954-48A0-99F7-A2736F6B80E3}.Ad-Hoc|iPhoneSimulator.ActiveCfg = Release|x86
		{E69E4ED5-F954-48A0-99F7-A2736F6B80E3}.Ad-Hoc|iPhoneSimulator.Build.0 = Release|x86
		{E69E4ED5-F954-48A0-99F7-A2736F6B80E3}.Ad-Hoc|iPhoneSimulator.Deploy.0 = Release|x86
		{E69E4ED5-F954-48A0-99F7-A2736F6B80E3}.Ad-Hoc|x64.ActiveCfg = Release|x64
		{E69E4ED5-F954-48A0-99F7-A2736F6B80E3}.Ad-Hoc|x64.Build.0 = Release|x64
		{E69E4ED5-F954-48A0-99F7-A2736F6B80E3}.Ad-Hoc|x64.Deploy.0 = Release|x64
		{E69E4ED5-F954-48A0-99F7-A2736F6B80E3}.Ad-Hoc|x86.ActiveCfg = Release|x86
		{E69E4ED5-F954-48A0-99F7-A2736F6B80E3}.Ad-Hoc|x86.Build.0 = Release|x86
		{E69E4ED5-F954-48A0-99F7-A2736F6B80E3}.Ad-Hoc|x86.Deploy.0 = Release|x86
		{E69E4ED5-F954-48A0-99F7-A2736F6B80E3}.AppStore|Any CPU.ActiveCfg = Release|x86
		{E69E4ED5-F954-48A0-99F7-A2736F6B80E3}.AppStore|Any CPU.Build.0 = Release|x86
		{E69E4ED5-F954-48A0-99F7-A2736F6B80E3}.AppStore|Any CPU.Deploy.0 = Release|x86
		{E69E4ED5-F954-48A0-99F7-A2736F6B80E3}.AppStore|ARM.ActiveCfg = Release|ARM
		{E69E4ED5-F954-48A0-99F7-A2736F6B80E3}.AppStore|ARM.Build.0 = Release|ARM
		{E69E4ED5-F954-48A0-99F7-A2736F6B80E3}.AppStore|ARM.Deploy.0 = Release|ARM
		{E69E4ED5-F954-48A0-99F7-A2736F6B80E3}.AppStore|iPhone.ActiveCfg = Release|x86
		{E69E4ED5-F954-48A0-99F7-A2736F6B80E3}.AppStore|iPhone.Build.0 = Release|x86
		{E69E4ED5-F954-48A0-99F7-A2736F6B80E3}.AppStore|iPhone.Deploy.0 = Release|x86
		{E69E4ED5-F954-48A0-99F7-A2736F6B80E3}.AppStore|iPhoneSimulator.ActiveCfg = Release|x86
		{E69E4ED5-F954-48A0-99F7-A2736F6B80E3}.AppStore|iPhoneSimulator.Build.0 = Release|x86
		{E69E4ED5-F954-48A0-99F7-A2736F6B80E3}.AppStore|iPhoneSimulator.Deploy.0 = Release|x86
		{E69E4ED5-F954-48A0-99F7-A2736F6B80E3}.AppStore|x64.ActiveCfg = Release|x64
		{E69E4ED5-F954-48A0-99F7-A2736F6B80E3}.AppStore|x64.Build.0 = Release|x64
		{E69E4ED5-F954-48A0-99F7-A2736F6B80E3}.AppStore|x64.Deploy.0 = Release|x64
		{E69E4ED5-F954-48A0-99F7-A2736F6B80E3}.AppStore|x86.ActiveCfg = Release|x86
		{E69E4ED5-F954-48A0-99F7-A2736F6B80E3}.AppStore|x86.Build.0 = Release|x86
		{E69E4ED5-F954-48A0-99F7-A2736F6B80E3}.AppStore|x86.Deploy.0 = Release|x86
		{E69E4ED5-F954-48A0-99F7-A2736F6B80E3}.Debug|Any CPU.ActiveCfg = Debug|x86
		{E69E4ED5-F954-48A0-99F7-A2736F6B80E3}.Debug|ARM.ActiveCfg = Debug|ARM
		{E69E4ED5-F954-48A0-99F7-A2736F6B80E3}.Debug|ARM.Build.0 = Debug|ARM
		{E69E4ED5-F954-48A0-99F7-A2736F6B80E3}.Debug|ARM.Deploy.0 = Debug|ARM
		{E69E4ED5-F954-48A0-99F7-A2736F6B80E3}.Debug|iPhone.ActiveCfg = Debug|x86
		{E69E4ED5-F954-48A0-99F7-A2736F6B80E3}.Debug|iPhoneSimulator.ActiveCfg = Debug|x86
		{E69E4ED5-F954-48A0-99F7-A2736F6B80E3}.Debug|x64.ActiveCfg = Debug|x64
		{E69E4ED5-F954-48A0-99F7-A2736F6B80E3}.Debug|x64.Build.0 = Debug|x64
		{E69E4ED5-F954-48A0-99F7-A2736F6B80E3}.Debug|x64.Deploy.0 = Debug|x64
		{E69E4ED5-F954-48A0-99F7-A2736F6B80E3}.Debug|x86.ActiveCfg = Debug|x86
		{E69E4ED5-F954-48A0-99F7-A2736F6B80E3}.Debug|x86.Build.0 = Debug|x86
		{E69E4ED5-F954-48A0-99F7-A2736F6B80E3}.Debug|x86.Deploy.0 = Debug|x86
		{E69E4ED5-F954-48A0-99F7-A2736F6B80E3}.Release|Any CPU.ActiveCfg = Release|x86
		{E69E4ED5-F954-48A0-99F7-A2736F6B80E3}.Release|ARM.ActiveCfg = Release|ARM
		{E69E4ED5-F954-48A0-99F7-A2736F6B80E3}.Release|ARM.Build.0 = Release|ARM
		{E69E4ED5-F954-48A0-99F7-A2736F6B80E3}.Release|ARM.Deploy.0 = Release|ARM
		{E69E4ED5-F954-48A0-99F7-A2736F6B80E3}.Release|iPhone.ActiveCfg = Release|x86
		{E69E4ED5-F954-48A0-99F7-A2736F6B80E3}.Release|iPhoneSimulator.ActiveCfg = Release|x86
		{E69E4ED5-F954-48A0-99F7-A2736F6B80E3}.Release|x64.ActiveCfg = Release|x64
		{E69E4ED5-F954-48A0-99F7-A2736F6B80E3}.Release|x64.Build.0 = Release|x64
		{E69E4ED5-F954-48A0-99F7-A2736F6B80E3}.Release|x64.Deploy.0 = Release|x64
		{E69E4ED5-F954-48A0-99F7-A2736F6B80E3}.Release|x86.ActiveCfg = Release|x86
		{E69E4ED5-F954-48A0-99F7-A2736F6B80E3}.Release|x86.Build.0 = Release|x86
		{E69E4ED5-F954-48A0-99F7-A2736F6B80E3}.Release|x86.Deploy.0 = Release|x86
		{69B299BE-E32B-49B8-BC85-FB614DB2052E}.Ad-Hoc|Any CPU.ActiveCfg = Ad-Hoc|iPhone
		{69B299BE-E32B-49B8-BC85-FB614DB2052E}.Ad-Hoc|ARM.ActiveCfg = Ad-Hoc|iPhone
		{69B299BE-E32B-49B8-BC85-FB614DB2052E}.Ad-Hoc|iPhone.ActiveCfg = Ad-Hoc|iPhone
		{69B299BE-E32B-49B8-BC85-FB614DB2052E}.Ad-Hoc|iPhone.Build.0 = Ad-Hoc|iPhone
		{69B299BE-E32B-49B8-BC85-FB614DB2052E}.Ad-Hoc|iPhoneSimulator.ActiveCfg = Ad-Hoc|iPhoneSimulator
		{69B299BE-E32B-49B8-BC85-FB614DB2052E}.Ad-Hoc|iPhoneSimulator.Build.0 = Ad-Hoc|iPhoneSimulator
		{69B299BE-E32B-49B8-BC85-FB614DB2052E}.Ad-Hoc|x64.ActiveCfg = Ad-Hoc|iPhone
		{69B299BE-E32B-49B8-BC85-FB614DB2052E}.Ad-Hoc|x86.ActiveCfg = Ad-Hoc|iPhone
		{69B299BE-E32B-49B8-BC85-FB614DB2052E}.AppStore|Any CPU.ActiveCfg = AppStore|iPhone
		{69B299BE-E32B-49B8-BC85-FB614DB2052E}.AppStore|ARM.ActiveCfg = AppStore|iPhone
		{69B299BE-E32B-49B8-BC85-FB614DB2052E}.AppStore|iPhone.ActiveCfg = AppStore|iPhone
		{69B299BE-E32B-49B8-BC85-FB614DB2052E}.AppStore|iPhone.Build.0 = AppStore|iPhone
		{69B299BE-E32B-49B8-BC85-FB614DB2052E}.AppStore|iPhoneSimulator.ActiveCfg = AppStore|iPhoneSimulator
		{69B299BE-E32B-49B8-BC85-FB614DB2052E}.AppStore|iPhoneSimulator.Build.0 = AppStore|iPhoneSimulator
		{69B299BE-E32B-49B8-BC85-FB614DB2052E}.AppStore|x64.ActiveCfg = AppStore|iPhone
		{69B299BE-E32B-49B8-BC85-FB614DB2052E}.AppStore|x86.ActiveCfg = AppStore|iPhone
		{69B299BE-E32B-49B8-BC85-FB614DB2052E}.Debug|Any CPU.ActiveCfg = Debug|iPhone
		{69B299BE-E32B-49B8-BC85-FB614DB2052E}.Debug|ARM.ActiveCfg = Debug|iPhone
		{69B299BE-E32B-49B8-BC85-FB614DB2052E}.Debug|iPhone.ActiveCfg = Debug|iPhone
		{69B299BE-E32B-49B8-BC85-FB614DB2052E}.Debug|iPhone.Build.0 = Debug|iPhone
		{69B299BE-E32B-49B8-BC85-FB614DB2052E}.Debug|iPhoneSimulator.ActiveCfg = Debug|iPhoneSimulator
		{69B299BE-E32B-49B8-BC85-FB614DB2052E}.Debug|iPhoneSimulator.Build.0 = Debug|iPhoneSimulator
		{69B299BE-E32B-49B8-BC85-FB614DB2052E}.Debug|x64.ActiveCfg = Debug|iPhone
		{69B299BE-E32B-49B8-BC85-FB614DB2052E}.Debug|x86.ActiveCfg = Debug|iPhone
		{69B299BE-E32B-49B8-BC85-FB614DB2052E}.Release|Any CPU.ActiveCfg = Release|iPhone
		{69B299BE-E32B-49B8-BC85-FB614DB2052E}.Release|ARM.ActiveCfg = Release|iPhone
		{69B299BE-E32B-49B8-BC85-FB614DB2052E}.Release|iPhone.ActiveCfg = Release|iPhone
		{69B299BE-E32B-49B8-BC85-FB614DB2052E}.Release|iPhone.Build.0 = Release|iPhone
		{69B299BE-E32B-49B8-BC85-FB614DB2052E}.Release|iPhoneSimulator.ActiveCfg = Release|iPhoneSimulator
		{69B299BE-E32B-49B8-BC85-FB614DB2052E}.Release|iPhoneSimulator.Build.0 = Release|iPhoneSimulator
		{69B299BE-E32B-49B8-BC85-FB614DB2052E}.Release|x64.ActiveCfg = Release|iPhone
		{69B299BE-E32B-49B8-BC85-FB614DB2052E}.Release|x86.ActiveCfg = Release|iPhone
		{FD073D17-1C0B-4D5D-BEB8-A830EB19C8BE}.Ad-Hoc|Any CPU.ActiveCfg = Release|Any CPU
		{FD073D17-1C0B-4D5D-BEB8-A830EB19C8BE}.Ad-Hoc|Any CPU.Build.0 = Release|Any CPU
		{FD073D17-1C0B-4D5D-BEB8-A830EB19C8BE}.Ad-Hoc|Any CPU.Deploy.0 = Release|Any CPU
		{FD073D17-1C0B-4D5D-BEB8-A830EB19C8BE}.Ad-Hoc|ARM.ActiveCfg = Release|ARM
		{FD073D17-1C0B-4D5D-BEB8-A830EB19C8BE}.Ad-Hoc|ARM.Build.0 = Release|ARM
		{FD073D17-1C0B-4D5D-BEB8-A830EB19C8BE}.Ad-Hoc|ARM.Deploy.0 = Release|ARM
		{FD073D17-1C0B-4D5D-BEB8-A830EB19C8BE}.Ad-Hoc|iPhone.ActiveCfg = Release|Any CPU
		{FD073D17-1C0B-4D5D-BEB8-A830EB19C8BE}.Ad-Hoc|iPhone.Build.0 = Release|Any CPU
		{FD073D17-1C0B-4D5D-BEB8-A830EB19C8BE}.Ad-Hoc|iPhone.Deploy.0 = Release|Any CPU
		{FD073D17-1C0B-4D5D-BEB8-A830EB19C8BE}.Ad-Hoc|iPhoneSimulator.ActiveCfg = Release|Any CPU
		{FD073D17-1C0B-4D5D-BEB8-A830EB19C8BE}.Ad-Hoc|iPhoneSimulator.Build.0 = Release|Any CPU
		{FD073D17-1C0B-4D5D-BEB8-A830EB19C8BE}.Ad-Hoc|iPhoneSimulator.Deploy.0 = Release|Any CPU
		{FD073D17-1C0B-4D5D-BEB8-A830EB19C8BE}.Ad-Hoc|x64.ActiveCfg = Release|Any CPU
		{FD073D17-1C0B-4D5D-BEB8-A830EB19C8BE}.Ad-Hoc|x64.Build.0 = Release|Any CPU
		{FD073D17-1C0B-4D5D-BEB8-A830EB19C8BE}.Ad-Hoc|x64.Deploy.0 = Release|Any CPU
		{FD073D17-1C0B-4D5D-BEB8-A830EB19C8BE}.Ad-Hoc|x86.ActiveCfg = Release|x86
		{FD073D17-1C0B-4D5D-BEB8-A830EB19C8BE}.Ad-Hoc|x86.Build.0 = Release|x86
		{FD073D17-1C0B-4D5D-BEB8-A830EB19C8BE}.Ad-Hoc|x86.Deploy.0 = Release|x86
		{FD073D17-1C0B-4D5D-BEB8-A830EB19C8BE}.AppStore|Any CPU.ActiveCfg = Release|Any CPU
		{FD073D17-1C0B-4D5D-BEB8-A830EB19C8BE}.AppStore|Any CPU.Build.0 = Release|Any CPU
		{FD073D17-1C0B-4D5D-BEB8-A830EB19C8BE}.AppStore|Any CPU.Deploy.0 = Release|Any CPU
		{FD073D17-1C0B-4D5D-BEB8-A830EB19C8BE}.AppStore|ARM.ActiveCfg = Release|ARM
		{FD073D17-1C0B-4D5D-BEB8-A830EB19C8BE}.AppStore|ARM.Build.0 = Release|ARM
		{FD073D17-1C0B-4D5D-BEB8-A830EB19C8BE}.AppStore|ARM.Deploy.0 = Release|ARM
		{FD073D17-1C0B-4D5D-BEB8-A830EB19C8BE}.AppStore|iPhone.ActiveCfg = Release|Any CPU
		{FD073D17-1C0B-4D5D-BEB8-A830EB19C8BE}.AppStore|iPhone.Build.0 = Release|Any CPU
		{FD073D17-1C0B-4D5D-BEB8-A830EB19C8BE}.AppStore|iPhone.Deploy.0 = Release|Any CPU
		{FD073D17-1C0B-4D5D-BEB8-A830EB19C8BE}.AppStore|iPhoneSimulator.ActiveCfg = Release|Any CPU
		{FD073D17-1C0B-4D5D-BEB8-A830EB19C8BE}.AppStore|iPhoneSimulator.Build.0 = Release|Any CPU
		{FD073D17-1C0B-4D5D-BEB8-A830EB19C8BE}.AppStore|iPhoneSimulator.Deploy.0 = Release|Any CPU
		{FD073D17-1C0B-4D5D-BEB8-A830EB19C8BE}.AppStore|x64.ActiveCfg = Release|Any CPU
		{FD073D17-1C0B-4D5D-BEB8-A830EB19C8BE}.AppStore|x64.Build.0 = Release|Any CPU
		{FD073D17-1C0B-4D5D-BEB8-A830EB19C8BE}.AppStore|x64.Deploy.0 = Release|Any CPU
		{FD073D17-1C0B-4D5D-BEB8-A830EB19C8BE}.AppStore|x86.ActiveCfg = Release|x86
		{FD073D17-1C0B-4D5D-BEB8-A830EB19C8BE}.AppStore|x86.Build.0 = Release|x86
		{FD073D17-1C0B-4D5D-BEB8-A830EB19C8BE}.AppStore|x86.Deploy.0 = Release|x86
		{FD073D17-1C0B-4D5D-BEB8-A830EB19C8BE}.Debug|Any CPU.ActiveCfg = Debug|Any CPU
		{FD073D17-1C0B-4D5D-BEB8-A830EB19C8BE}.Debug|Any CPU.Build.0 = Debug|Any CPU
		{FD073D17-1C0B-4D5D-BEB8-A830EB19C8BE}.Debug|Any CPU.Deploy.0 = Debug|Any CPU
		{FD073D17-1C0B-4D5D-BEB8-A830EB19C8BE}.Debug|ARM.ActiveCfg = Debug|ARM
		{FD073D17-1C0B-4D5D-BEB8-A830EB19C8BE}.Debug|ARM.Build.0 = Debug|ARM
		{FD073D17-1C0B-4D5D-BEB8-A830EB19C8BE}.Debug|ARM.Deploy.0 = Debug|ARM
		{FD073D17-1C0B-4D5D-BEB8-A830EB19C8BE}.Debug|iPhone.ActiveCfg = Debug|Any CPU
		{FD073D17-1C0B-4D5D-BEB8-A830EB19C8BE}.Debug|iPhone.Build.0 = Debug|Any CPU
		{FD073D17-1C0B-4D5D-BEB8-A830EB19C8BE}.Debug|iPhone.Deploy.0 = Debug|Any CPU
		{FD073D17-1C0B-4D5D-BEB8-A830EB19C8BE}.Debug|iPhoneSimulator.ActiveCfg = Debug|Any CPU
		{FD073D17-1C0B-4D5D-BEB8-A830EB19C8BE}.Debug|iPhoneSimulator.Build.0 = Debug|Any CPU
		{FD073D17-1C0B-4D5D-BEB8-A830EB19C8BE}.Debug|iPhoneSimulator.Deploy.0 = Debug|Any CPU
		{FD073D17-1C0B-4D5D-BEB8-A830EB19C8BE}.Debug|x64.ActiveCfg = Debug|Any CPU
		{FD073D17-1C0B-4D5D-BEB8-A830EB19C8BE}.Debug|x64.Build.0 = Debug|Any CPU
		{FD073D17-1C0B-4D5D-BEB8-A830EB19C8BE}.Debug|x64.Deploy.0 = Debug|Any CPU
		{FD073D17-1C0B-4D5D-BEB8-A830EB19C8BE}.Debug|x86.ActiveCfg = Debug|x86
		{FD073D17-1C0B-4D5D-BEB8-A830EB19C8BE}.Debug|x86.Build.0 = Debug|x86
		{FD073D17-1C0B-4D5D-BEB8-A830EB19C8BE}.Debug|x86.Deploy.0 = Debug|x86
		{FD073D17-1C0B-4D5D-BEB8-A830EB19C8BE}.Release|Any CPU.ActiveCfg = Release|Any CPU
		{FD073D17-1C0B-4D5D-BEB8-A830EB19C8BE}.Release|Any CPU.Build.0 = Release|Any CPU
		{FD073D17-1C0B-4D5D-BEB8-A830EB19C8BE}.Release|Any CPU.Deploy.0 = Release|Any CPU
		{FD073D17-1C0B-4D5D-BEB8-A830EB19C8BE}.Release|ARM.ActiveCfg = Release|ARM
		{FD073D17-1C0B-4D5D-BEB8-A830EB19C8BE}.Release|ARM.Build.0 = Release|ARM
		{FD073D17-1C0B-4D5D-BEB8-A830EB19C8BE}.Release|ARM.Deploy.0 = Release|ARM
		{FD073D17-1C0B-4D5D-BEB8-A830EB19C8BE}.Release|iPhone.ActiveCfg = Release|Any CPU
		{FD073D17-1C0B-4D5D-BEB8-A830EB19C8BE}.Release|iPhone.Build.0 = Release|Any CPU
		{FD073D17-1C0B-4D5D-BEB8-A830EB19C8BE}.Release|iPhone.Deploy.0 = Release|Any CPU
		{FD073D17-1C0B-4D5D-BEB8-A830EB19C8BE}.Release|iPhoneSimulator.ActiveCfg = Release|Any CPU
		{FD073D17-1C0B-4D5D-BEB8-A830EB19C8BE}.Release|iPhoneSimulator.Build.0 = Release|Any CPU
		{FD073D17-1C0B-4D5D-BEB8-A830EB19C8BE}.Release|iPhoneSimulator.Deploy.0 = Release|Any CPU
		{FD073D17-1C0B-4D5D-BEB8-A830EB19C8BE}.Release|x64.ActiveCfg = Release|Any CPU
		{FD073D17-1C0B-4D5D-BEB8-A830EB19C8BE}.Release|x64.Build.0 = Release|Any CPU
		{FD073D17-1C0B-4D5D-BEB8-A830EB19C8BE}.Release|x64.Deploy.0 = Release|Any CPU
		{FD073D17-1C0B-4D5D-BEB8-A830EB19C8BE}.Release|x86.ActiveCfg = Release|x86
		{FD073D17-1C0B-4D5D-BEB8-A830EB19C8BE}.Release|x86.Build.0 = Release|x86
		{FD073D17-1C0B-4D5D-BEB8-A830EB19C8BE}.Release|x86.Deploy.0 = Release|x86
	EndGlobalSection
	GlobalSection(SolutionProperties) = preSolution
		HideSolutionNode = FALSE
	EndGlobalSection
EndGlobal
